<?xml version="1.0" encoding="utf-8"?>
<Project ToolsVersion="4.0" xmlns="http://schemas.microsoft.com/developer/msbuild/2003">
  <ItemGroup>
    <Filter Include="리소스 파일">
      <UniqueIdentifier>{67DA6AB6-F800-4c08-8B7A-83BB121AAD01}</UniqueIdentifier>
      <Extensions>rc;ico;cur;bmp;dlg;rc2;rct;bin;rgs;gif;jpg;jpeg;jpe;resx;tiff;tif;png;wav;mfcribbon-ms</Extensions>
    </Filter>
    <Filter Include="Scenes">
      <UniqueIdentifier>{bcb69188-a458-4493-b4c9-323bc5df4641}</UniqueIdentifier>
    </Filter>
    <Filter Include="Contents">
      <UniqueIdentifier>{0261e170-ddb7-4e0f-85b0-4c793ba4c409}</UniqueIdentifier>
    </Filter>
    <Filter Include="Scripts">
      <UniqueIdentifier>{d4e3d1d1-5cb0-4c3f-98c9-751e1337a3b7}</UniqueIdentifier>
    </Filter>
  </ItemGroup>
  <ItemGroup>
    <ClInclude Include="prLoadScene.h">
      <Filter>Scenes</Filter>
    </ClInclude>
    <ClInclude Include="prBeginnerDungeonScene.h">
      <Filter>Scenes</Filter>
    </ClInclude>
    <ClInclude Include="prCharacterCreateScene.h">
      <Filter>Scenes</Filter>
    </ClInclude>
    <ClInclude Include="prCharacterSelectScene.h">
      <Filter>Scenes</Filter>
    </ClInclude>
    <ClInclude Include="prBattleScene.h">
      <Filter>Scenes</Filter>
    </ClInclude>
    <ClInclude Include="prHeadManHouseScene.h">
      <Filter>Scenes</Filter>
    </ClInclude>
    <ClInclude Include="prItemShopScene.h">
      <Filter>Scenes</Filter>
    </ClInclude>
    <ClInclude Include="prPetShopScene.h">
      <Filter>Scenes</Filter>
    </ClInclude>
    <ClInclude Include="prTitleScene.h">
      <Filter>Scenes</Filter>
    </ClInclude>
    <ClInclude Include="prvillageScene.h">
      <Filter>Scenes</Filter>
    </ClInclude>
    <ClInclude Include="prLoadResources.h" />
    <ClInclude Include="prEnemyPet.h">
      <Filter>Contents</Filter>
    </ClInclude>
    <ClInclude Include="..\PrayEngine_SOURCE\prMyPET.h">
      <Filter>Contents</Filter>
    </ClInclude>
    <ClInclude Include="..\PrayEngine_SOURCE\prNPC.h">
      <Filter>Contents</Filter>
    </ClInclude>
    <ClInclude Include="..\PrayEngine_SOURCE\prPlayer.h">
      <Filter>Contents</Filter>
    </ClInclude>
    <ClInclude Include="prUI.h">
      <Filter>Contents</Filter>
    </ClInclude>
    <ClInclude Include="prPlayerScript.h">
      <Filter>Scripts</Filter>
    </ClInclude>
    <ClInclude Include="prCharacterInputScene.h">
      <Filter>Scenes</Filter>
    </ClInclude>
    <ClInclude Include="prMonsterScript.h" />
    <ClInclude Include="prFakePlayerScript.h" />
    <ClInclude Include="prLoadAnimation.h" />
  </ItemGroup>
  <ItemGroup>
    <ClCompile Include="prBeginnerDungeonScene.cpp">
      <Filter>Scenes</Filter>
    </ClCompile>
    <ClCompile Include="prCharacterCreateScene.cpp">
      <Filter>Scenes</Filter>
    </ClCompile>
    <ClCompile Include="prCharacterSelectScene.cpp">
      <Filter>Scenes</Filter>
    </ClCompile>
    <ClCompile Include="prBattleScene.cpp">
      <Filter>Scenes</Filter>
    </ClCompile>
    <ClCompile Include="prHeadManHouseScene.cpp">
      <Filter>Scenes</Filter>
    </ClCompile>
    <ClCompile Include="prItemShopScene.cpp">
      <Filter>Scenes</Filter>
    </ClCompile>
    <ClCompile Include="prPetShopScene.cpp">
      <Filter>Scenes</Filter>
    </ClCompile>
    <ClCompile Include="prTitleScene.cpp">
      <Filter>Scenes</Filter>
    </ClCompile>
    <ClCompile Include="prvillageScene.cpp">
      <Filter>Scenes</Filter>
    </ClCompile>
    <ClCompile Include="prEnemyPet.cpp">
      <Filter>Contents</Filter>
    </ClCompile>
    <ClCompile Include="..\PrayEngine_SOURCE\prMyPET.cpp">
      <Filter>Contents</Filter>
    </ClCompile>
    <ClCompile Include="..\PrayEngine_SOURCE\prNPC.cpp">
      <Filter>Contents</Filter>
    </ClCompile>
    <ClCompile Include="..\PrayEngine_SOURCE\prPlayer.cpp">
      <Filter>Contents</Filter>
    </ClCompile>
    <ClCompile Include="prUI.cpp">
      <Filter>Contents</Filter>
    </ClCompile>
    <ClCompile Include="prPlayerScript.cpp">
      <Filter>Scripts</Filter>
    </ClCompile>
    <ClCompile Include="prCharacterInputScene.cpp">
      <Filter>Scenes</Filter>
    </ClCompile>
    <ClCompile Include="prMonsterScript.cpp" />
    <ClCompile Include="prFakePlayerScript.cpp" />
    <ClCompile Include="prLoadAnimation.cpp" />
  </ItemGroup>
  <ItemGroup>
    <None Include="ClassDiagram.cd" />
  </ItemGroup>
</Project>